
Microsoft Visual Studio Solution File, Format Version 12.00
# Visual Studio Version 16
VisualStudioVersion = 16.0.31702.278
MinimumVisualStudioVersion = 10.0.40219.1
Project("{FAE04EC0-301F-11D3-BF4B-00C04F79EFBC}") = "ConsoleApp3", "ConsoleApp3\ConsoleApp3.csproj", "{D92D32C8-20D5-46A3-98C9-4239B56C1312}"
EndProject
Project("{FAE04EC0-301F-11D3-BF4B-00C04F79EFBC}") = "ConsoleApp3.2", "ConsoleApp3.2\ConsoleApp3.2.csproj", "{95599294-A068-470D-B8D7-71DD479A7D0B}"
EndProject
Global
	GlobalSection(SolutionConfigurationPlatforms) = preSolution
		Debug|Any CPU = Debug|Any CPU
		Release|Any CPU = Release|Any CPU
	EndGlobalSection
	GlobalSection(ProjectConfigurationPlatforms) = postSolution
		{D92D32C8-20D5-46A3-98C9-4239B56C1312}.Debug|Any CPU.ActiveCfg = Debug|Any CPU
		{D92D32C8-20D5-46A3-98C9-4239B56C1312}.Debug|Any CPU.Build.0 = Debug|Any CPU
		{D92D32C8-20D5-46A3-98C9-4239B56C1312}.Release|Any CPU.ActiveCfg = Release|Any CPU
		{D92D32C8-20D5-46A3-98C9-4239B56C1312}.Release|Any CPU.Build.0 = Release|Any CPU
		{95599294-A068-470D-B8D7-71DD479A7D0B}.Debug|Any CPU.ActiveCfg = Debug|Any CPU
		{95599294-A068-470D-B8D7-71DD479A7D0B}.Debug|Any CPU.Build.0 = Debug|Any CPU
		{95599294-A068-470D-B8D7-71DD479A7D0B}.Release|Any CPU.ActiveCfg = Release|Any CPU
		{95599294-A068-470D-B8D7-71DD479A7D0B}.Release|Any CPU.Build.0 = Release|Any CPU
	EndGlobalSection
	GlobalSection(SolutionProperties) = preSolution
		HideSolutionNode = FALSE
	EndGlobalSection
	GlobalSection(ExtensibilityGlobals) = postSolution
		SolutionGuid = {B1AE53BC-DC81-49A3-9D69-2CB0A280ACE9}
	EndGlobalSection
EndGlobal
